// !$*UTF8*$!
{
	archiveVersion = 1;
	classes = {
	};
	objectVersion = 46;
	objects = {

/* Begin PBXBuildFile section */
		D38D082D1DABE15D006268FA /* AppDelegate.swift in Sources */ = {isa = PBXBuildFile; fileRef = D38D082C1DABE15D006268FA /* AppDelegate.swift */; };
		D38D082F1DABE15D006268FA /* ViewController.swift in Sources */ = {isa = PBXBuildFile; fileRef = D38D082E1DABE15D006268FA /* ViewController.swift */; };
		D38D08321DABE15D006268FA /* Main.storyboard in Resources */ = {isa = PBXBuildFile; fileRef = D38D08301DABE15D006268FA /* Main.storyboard */; };
		D38D08341DABE15D006268FA /* Assets.xcassets in Resources */ = {isa = PBXBuildFile; fileRef = D38D08331DABE15D006268FA /* Assets.xcassets */; };
		D38D08371DABE15D006268FA /* LaunchScreen.storyboard in Resources */ = {isa = PBXBuildFile; fileRef = D38D08351DABE15D006268FA /* LaunchScreen.storyboard */; };
/* End PBXBuildFile section */

/* Begin PBXFileReference section */
		D38D08291DABE15D006268FA /* VIPER_Example.app */ = {isa = PBXFileReference; explicitFileType = wrapper.application; includeInIndex = 0; path = VIPER_Example.app; sourceTree = BUILT_PRODUCTS_DIR; };
		D38D082C1DABE15D006268FA /* AppDelegate.swift */ = {isa = PBXFileReference; lastKnownFileType = sourcecode.swift; path = AppDelegate.swift; sourceTree = "<group>"; };
		D38D082E1DABE15D006268FA /* ViewController.swift */ = {isa = PBXFileReference; lastKnownFileType = sourcecode.swift; path = ViewController.swift; sourceTree = "<group>"; };
		D38D08311DABE15D006268FA /* Base */ = {isa = PBXFileReference; lastKnownFileType = file.storyboard; name = Base; path = Base.lproj/Main.storyboard; sourceTree = "<group>"; };
		D38D08331DABE15D006268FA /* Assets.xcassets */ = {isa = PBXFileReference; lastKnownFileType = folder.assetcatalog; path = Assets.xcassets; sourceTree = "<group>"; };
		D38D08361DABE15D006268FA /* Base */ = {isa = PBXFileReference; lastKnownFileType = file.storyboard; name = Base; path = Base.lproj/LaunchScreen.storyboard; sourceTree = "<group>"; };
		D38D08381DABE15D006268FA /* Info.plist */ = {isa = PBXFileReference; lastKnownFileType = text.plist.xml; path = Info.plist; sourceTree = "<group>"; };
/* End PBXFileReference section */

/* Begin PBXFrameworksBuildPhase section */
		D38D08261DABE15D006268FA /* Frameworks */ = {
			isa = PBXFrameworksBuildPhase;
			buildActionMask = 2147483647;
			files = (
			);
			runOnlyForDeploymentPostprocessing = 0;
		};
/* End PBXFrameworksBuildPhase section */

/* Begin PBXGroup section */
		D38D08201DABE15D006268FA = {
			isa = PBXGroup;
			children = (
				D38D082B1DABE15D006268FA /* VIPER_Example */,
				D38D082A1DABE15D006268FA /* Products */,
			);
			sourceTree = "<group>";
		};
		D38D082A1DABE15D006268FA /* Products */ = {
			isa = PBXGroup;
			children = (
				D38D08291DABE15D006268FA /* VIPER_Example.app */,
			);
			name = Products;
			sourceTree = "<group>";
		};
		D38D082B1DABE15D006268FA /* VIPER_Example */ = {
			isa = PBXGroup;
			children = (
				D38D082C1DABE15D006268FA /* AppDelegate.swift */,
				D38D082E1DABE15D006268FA /* ViewController.swift */,
				D38D08301DABE15D006268FA /* Main.storyboard */,
				D38D08331DABE15D006268FA /* Assets.xcassets */,
				D38D08351DABE15D006268FA /* LaunchScreen.storyboard */,
				D38D08381DABE15D006268FA /* Info.plist */,
			);
			path = VIPER_Example;
			sourceTree = "<group>";
		};
/* End PBXGroup section */

/* Begin PBXNativeTarget section */
		D38D08281DABE15D006268FA /* VIPER_Example */ = {
			isa = PBXNativeTarget;
			buildConfigurationList = D38D083B1DABE15D006268FA /* Build configuration list for PBXNativeTarget "VIPER_Example" */;
			buildPhases = (
				D38D08251DABE15D006268FA /* Sources */,
				D38D08261DABE15D006268FA /* Frameworks */,
				D38D08271DABE15D006268FA /* Resources */,
			);
			buildRules = (
			);
			dependencies = (
			);
			name = VIPER_Example;
			productName = VIPER_Example;
			productReference = D38D08291DABE15D006268FA /* VIPER_Example.app */;
			productType = "com.apple.product-type.application";
		};
/* End PBXNativeTarget section */

/* Begin PBXProject section */
		D38D08211DABE15D006268FA /* Project object */ = {
			isa = PBXProject;
			attributes = {
				LastSwiftUpdateCheck = 0730;
				LastUpgradeCheck = 0730;
				ORGANIZATIONNAME = aortegas;
				TargetAttributes = {
					D38D08281DABE15D006268FA = {
						CreatedOnToolsVersion = 7.3.1;
					};
				};
			};
			buildConfigurationList = D38D08241DABE15D006268FA /* Build configuration list for PBXProject "VIPER_Example" */;
			compatibilityVersion = "Xcode 3.2";
			developmentRegion = English;
			hasScannedForEncodings = 0;
			knownRegions = (
				en,
				Base,
			);
			mainGroup = D38D08201DABE15D006268FA;
			productRefGroup = D38D082A1DABE15D006268FA /* Products */;
			projectDirPath = "";
			projectRoot = "";
			targets = (
				D38D08281DABE15D006268FA /* VIPER_Example */,
			);
		};
/* End PBXProject section */

/* Begin PBXResourcesBuildPhase section */
		D38D08271DABE15D006268FA /* Resources */ = {
			isa = PBXResourcesBuildPhase;
			buildActionMask = 2147483647;
			files = (
				D38D08371DABE15D006268FA /* LaunchScreen.storyboard in Resources */,
				D38D08341DABE15D006268FA /* Assets.xcassets in Resources */,
				D38D08321DABE15D006268FA /* Main.storyboard in Resources */,
			);
			runOnlyForDeploymentPostprocessing = 0;
		};
/* End PBXResourcesBuildPhase section */

/* Begin PBXSourcesBuildPhase section */
		D38D08251DABE15D006268FA /* Sources */ = {
			isa = PBXSourcesBuildPhase;
			buildActionMask = 2147483647;
			files = (
				D38D082F1DABE15D006268FA /* ViewController.swift in Sources */,
				D38D082D1DABE15D006268FA /* AppDelegate.swift in Sources */,
			);
			runOnlyForDeploymentPostprocessing = 0;
		};
/* End PBXSourcesBuildPhase section */

/* Begin PBXVariantGroup section */
		D38D08301DABE15D006268FA /* Main.storyboard */ = {
			isa = PBXVariantGroup;
			children = (
				D38D08311DABE15D006268FA /* Base */,
			);
			name = Main.storyboard;
			sourceTree = "<group>";
		};
		D38D08351DABE15D006268FA /* LaunchScreen.storyboard */ = {
			isa = PBXVariantGroup;
			children = (
				D38D08361DABE15D006268FA /* Base */,
			);
			name = LaunchScreen.storyboard;
			sourceTree = "<group>";
		};
/* End PBXVariantGroup section */

/* Begin XCBuildConfiguration section */
		D38D08391DABE15D006268FA /* Debug */ = {
			isa = XCBuildConfiguration;
			buildSettings = {
				ALWAYS_SEARCH_USER_PATHS = NO;
				CLANG_ANALYZER_NONNULL = YES;
				CLANG_CXX_LANGUAGE_STANDARD = "gnu++0x";
				CLANG_CXX_LIBRARY = "libc++";
				CLANG_ENABLE_MODULES = YES;
				CLANG_ENABLE_OBJC_ARC = YES;
				CLANG_WARN_BOOL_CONVERSION = YES;
				CLANG_WARN_CONSTANT_CONVERSION = YES;
				CLANG_WARN_DIRECT_OBJC_ISA_USAGE = YES_ERROR;
				CLANG_WARN_EMPTY_BODY = YES;
				CLANG_WARN_ENUM_CONVERSION = YES;
				CLANG_WARN_INT_CONVERSION = YES;
				CLANG_WARN_OBJC_ROOT_CLASS = YES_ERROR;
				CLANG_WARN_UNREACHABLE_CODE = YES;
				CLANG_WARN__DUPLICATE_METHOD_MATCH = YES;
				"CODE_SIGN_IDENTITY[sdk=iphoneos*]" = "iPhone Developer";
				COPY_PHASE_STRIP = NO;
				DEBUG_INFORMATION_FORMAT = dwarf;
				ENABLE_STRICT_OBJC_MSGSEND = YES;
				ENABLE_TESTABILITY = YES;
				GCC_C_LANGUAGE_STANDARD = gnu99;
				GCC_DYNAMIC_NO_PIC = NO;
				GCC_NO_COMMON_BLOCKS = YES;
				GCC_OPTIMIZATION_LEVEL = 0;
				GCC_PREPROCESSOR_DEFINITIONS = (
					"DEBUG=1",
					"$(inherited)",
				);
				GCC_WARN_64_TO_32_BIT_CONVERSION = YES;
				GCC_WARN_ABOUT_RETURN_TYPE = YES_ERROR;
				GCC_WARN_UNDECLARED_SELECTOR = YES;
				GCC_WARN_UNINITIALIZED_AUTOS = YES_AGGRESSIVE;
				GCC_WARN_UNUSED_FUNCTION = YES;
				GCC_WARN_UNUSED_VARIABLE = YES;
				IPHONEOS_DEPLOYMENT_TARGET = 9.3;
				MTL_ENABLE_DEBUG_INFO = YES;
				ONLY_ACTIVE_ARCH = YES;
				SDKROOT = iphoneos;
				SWIFT_OPTIMIZATION_LEVEL = "-Onone";
			};
			name = Debug;
		};
		D38D083A1DABE15D006268FA /* Release */ = {
			isa = XCBuildConfiguration;
			buildSettings = {
				ALWAYS_SEARCH_USER_PATHS = NO;
				CLANG_ANALYZER_NONNULL = YES;
				CLANG_CXX_LANGUAGE_STANDARD = "gnu++0x";
				CLANG_CXX_LIBRARY = "libc++";
				CLANG_ENABLE_MODULES = YES;
				CLANG_ENABLE_OBJC_ARC = YES;
				CLANG_WARN_BOOL_CONVERSION = YES;
				CLANG_WARN_CONSTANT_CONVERSION = YES;
				CLANG_WARN_DIRECT_OBJC_ISA_USAGE = YES_ERROR;
				CLANG_WARN_EMPTY_BODY = YES;
				CLANG_WARN_ENUM_CONVERSION = YES;
				CLANG_WARN_INT_CONVERSION = YES;
				CLANG_WARN_OBJC_ROOT_CLASS = YES_ERROR;
				CLANG_WARN_UNREACHABLE_CODE = YES;
				CLANG_WARN__DUPLICATE_METHOD_MATCH = YES;
				"CODE_SIGN_IDENTITY[sdk=iphoneos*]" = "iPhone Developer";
				COPY_PHASE_STRIP = NO;
				DEBUG_INFORMATION_FORMAT = "dwarf-with-dsym";
				ENABLE_NS_ASSERTIONS = NO;
				ENABLE_STRICT_OBJC_MSGSEND = YES;
				GCC_C_LANGUAGE_STANDARD = gnu99;
				GCC_NO_COMMON_BLOCKS = YES;
				GCC_WARN_64_TO_32_BIT_CONVERSION = YES;
				GCC_WARN_ABOUT_RETURN_TYPE = YES_ERROR;
				GCC_WARN_UNDECLARED_SELECTOR = YES;
				GCC_WARN_UNINITIALIZED_AUTOS = YES_AGGRESSIVE;
				GCC_WARN_UNUSED_FUNCTION = YES;
				GCC_WARN_UNUSED_VARIABLE = YES;
				IPHONEOS_DEPLOYMENT_TARGET = 9.3;
				MTL_ENABLE_DEBUG_INFO = NO;
				SDKROOT = iphoneos;
				VALIDATE_PRODUCT = YES;
			};
			name = Release;
		};
		D38D083C1DABE15D006268FA /* Debug */ = {
			isa = XCBuildConfiguration;
			buildSettings = {
				ASSETCATALOG_COMPILER_APPICON_NAME = AppIcon;
				INFOPLIST_FILE = VIPER_Example/Info.plist;
				LD_RUNPATH_SEARCH_PATHS = "$(inherited) @executable_path/Frameworks";
				PRODUCT_BUNDLE_IDENTIFIER = "io.aortegas.VIPER-Example";
				PRODUCT_NAME = "$(TARGET_NAME)";
			};
			name = Debug;
		};
		D38D083D1DABE15D006268FA /* Release */ = {
			isa = XCBuildConfiguration;
			buildSettings = {
				ASSETCATALOG_COMPILER_APPICON_NAME = AppIcon;
				INFOPLIST_FILE = VIPER_Example/Info.plist;
				LD_RUNPATH_SEARCH_PATHS = "$(inherited) @executable_path/Frameworks";
				PRODUCT_BUNDLE_IDENTIFIER = "io.aortegas.VIPER-Example";
				PRODUCT_NAME = "$(TARGET_NAME)";
			};
			name = Release;
		};
/* End XCBuildConfiguration section */

/* Begin XCConfigurationList section */
		D38D08241DABE15D006268FA /* Build configuration list for PBXProject "VIPER_Example" */ = {
			isa = XCConfigurationList;
			buildConfigurations = (
				D38D08391DABE15D006268FA /* Debug */,
				D38D083A1DABE15D006268FA /* Release */,
			);
			defaultConfigurationIsVisible = 0;
			defaultConfigurationName = Release;
		};
		D38D083B1DABE15D006268FA /* Build configuration list for PBXNativeTarget "VIPER_Example" */ = {
			isa = XCConfigurationList;
			buildConfigurations = (
				D38D083C1DABE15D006268FA /* Debug */,
				D38D083D1DABE15D006268FA /* Release */,
			);
			defaultConfigurationIsVisible = 0;
		};
/* End XCConfigurationList section */
	};
	rootObject = D38D08211DABE15D006268FA /* Project object */;
}
